// !$*UTF8*$!
{
	archiveVersion = 1;
	classes = {
	};
	objectVersion = 46;
	objects = {

/* Begin PBXBuildFile section */
		5E69DD1D1568416D00FBE4BC /* UIKit.framework in Frameworks */ = {isa = PBXBuildFile; fileRef = 5E69DD1C1568416D00FBE4BC /* UIKit.framework */; };
		5E69DD1F1568416D00FBE4BC /* Foundation.framework in Frameworks */ = {isa = PBXBuildFile; fileRef = 5E69DD1E1568416D00FBE4BC /* Foundation.framework */; };
		5E69DD211568416D00FBE4BC /* CoreGraphics.framework in Frameworks */ = {isa = PBXBuildFile; fileRef = 5E69DD201568416D00FBE4BC /* CoreGraphics.framework */; };
		5E69DD271568416D00FBE4BC /* InfoPlist.strings in Resources */ = {isa = PBXBuildFile; fileRef = 5E69DD251568416D00FBE4BC /* InfoPlist.strings */; };
		5E69DD291568416D00FBE4BC /* main.m in Sources */ = {isa = PBXBuildFile; fileRef = 5E69DD281568416D00FBE4BC /* main.m */; };
		5E69DD2D1568416D00FBE4BC /* CalculatorAppDelegate.m in Sources */ = {isa = PBXBuildFile; fileRef = 5E69DD2C1568416D00FBE4BC /* CalculatorAppDelegate.m */; };
		5E69DD301568416D00FBE4BC /* MainStoryboard.storyboard in Resources */ = {isa = PBXBuildFile; fileRef = 5E69DD2E1568416D00FBE4BC /* MainStoryboard.storyboard */; };
		5E69DD331568416D00FBE4BC /* CalculatorViewController.m in Sources */ = {isa = PBXBuildFile; fileRef = 5E69DD321568416D00FBE4BC /* CalculatorViewController.m */; };
		5E69DD3B15684E7500FBE4BC /* CalculatorBrain.m in Sources */ = {isa = PBXBuildFile; fileRef = 5E69DD3A15684E7500FBE4BC /* CalculatorBrain.m */; };
/* End PBXBuildFile section */

/* Begin PBXFileReference section */
		5E69DD181568416D00FBE4BC /* Calculator.app */ = {isa = PBXFileReference; explicitFileType = wrapper.application; includeInIndex = 0; path = Calculator.app; sourceTree = BUILT_PRODUCTS_DIR; };
		5E69DD1C1568416D00FBE4BC /* UIKit.framework */ = {isa = PBXFileReference; lastKnownFileType = wrapper.framework; name = UIKit.framework; path = System/Library/Frameworks/UIKit.framework; sourceTree = SDKROOT; };
		5E69DD1E1568416D00FBE4BC /* Foundation.framework */ = {isa = PBXFileReference; lastKnownFileType = wrapper.framework; name = Foundation.framework; path = System/Library/Frameworks/Foundation.framework; sourceTree = SDKROOT; };
		5E69DD201568416D00FBE4BC /* CoreGraphics.framework */ = {isa = PBXFileReference; lastKnownFileType = wrapper.framework; name = CoreGraphics.framework; path = System/Library/Frameworks/CoreGraphics.framework; sourceTree = SDKROOT; };
		5E69DD241568416D00FBE4BC /* Calculator-Info.plist */ = {isa = PBXFileReference; lastKnownFileType = text.plist.xml; path = "Calculator-Info.plist"; sourceTree = "<group>"; };
		5E69DD261568416D00FBE4BC /* en */ = {isa = PBXFileReference; lastKnownFileType = text.plist.strings; name = en; path = en.lproj/InfoPlist.strings; sourceTree = "<group>"; };
		5E69DD281568416D00FBE4BC /* main.m */ = {isa = PBXFileReference; lastKnownFileType = sourcecode.c.objc; path = main.m; sourceTree = "<group>"; };
		5E69DD2A1568416D00FBE4BC /* Calculator-Prefix.pch */ = {isa = PBXFileReference; lastKnownFileType = sourcecode.c.h; path = "Calculator-Prefix.pch"; sourceTree = "<group>"; };
		5E69DD2B1568416D00FBE4BC /* CalculatorAppDelegate.h */ = {isa = PBXFileReference; lastKnownFileType = sourcecode.c.h; path = CalculatorAppDelegate.h; sourceTree = "<group>"; };
		5E69DD2C1568416D00FBE4BC /* CalculatorAppDelegate.m */ = {isa = PBXFileReference; lastKnownFileType = sourcecode.c.objc; path = CalculatorAppDelegate.m; sourceTree = "<group>"; };
		5E69DD2F1568416D00FBE4BC /* en */ = {isa = PBXFileReference; lastKnownFileType = file.storyboard; name = en; path = en.lproj/MainStoryboard.storyboard; sourceTree = "<group>"; };
		5E69DD311568416D00FBE4BC /* CalculatorViewController.h */ = {isa = PBXFileReference; lastKnownFileType = sourcecode.c.h; path = CalculatorViewController.h; sourceTree = "<group>"; };
		5E69DD321568416D00FBE4BC /* CalculatorViewController.m */ = {isa = PBXFileReference; lastKnownFileType = sourcecode.c.objc; path = CalculatorViewController.m; sourceTree = "<group>"; };
		5E69DD3915684E7500FBE4BC /* CalculatorBrain.h */ = {isa = PBXFileReference; fileEncoding = 4; lastKnownFileType = sourcecode.c.h; path = CalculatorBrain.h; sourceTree = "<group>"; };
		5E69DD3A15684E7500FBE4BC /* CalculatorBrain.m */ = {isa = PBXFileReference; fileEncoding = 4; lastKnownFileType = sourcecode.c.objc; path = CalculatorBrain.m; sourceTree = "<group>"; };
/* End PBXFileReference section */

/* Begin PBXFrameworksBuildPhase section */
		5E69DD151568416D00FBE4BC /* Frameworks */ = {
			isa = PBXFrameworksBuildPhase;
			buildActionMask = 2147483647;
			files = (
				5E69DD1D1568416D00FBE4BC /* UIKit.framework in Frameworks */,
				5E69DD1F1568416D00FBE4BC /* Foundation.framework in Frameworks */,
				5E69DD211568416D00FBE4BC /* CoreGraphics.framework in Frameworks */,
			);
			runOnlyForDeploymentPostprocessing = 0;
		};
/* End PBXFrameworksBuildPhase section */

/* Begin PBXGroup section */
		5E69DD0D1568416D00FBE4BC = {
			isa = PBXGroup;
			children = (
				5E69DD221568416D00FBE4BC /* Calculator */,
				5E69DD1B1568416D00FBE4BC /* Frameworks */,
				5E69DD191568416D00FBE4BC /* Products */,
			);
			sourceTree = "<group>";
		};
		5E69DD191568416D00FBE4BC /* Products */ = {
			isa = PBXGroup;
			children = (
				5E69DD181568416D00FBE4BC /* Calculator.app */,
			);
			name = Products;
			sourceTree = "<group>";
		};
		5E69DD1B1568416D00FBE4BC /* Frameworks */ = {
			isa = PBXGroup;
			children = (
				5E69DD1C1568416D00FBE4BC /* UIKit.framework */,
				5E69DD1E1568416D00FBE4BC /* Foundation.framework */,
				5E69DD201568416D00FBE4BC /* CoreGraphics.framework */,
			);
			name = Frameworks;
			sourceTree = "<group>";
		};
		5E69DD221568416D00FBE4BC /* Calculator */ = {
			isa = PBXGroup;
			children = (
				5E69DD2B1568416D00FBE4BC /* CalculatorAppDelegate.h */,
				5E69DD2C1568416D00FBE4BC /* CalculatorAppDelegate.m */,
				5E69DD2E1568416D00FBE4BC /* MainStoryboard.storyboard */,
				5E69DD3915684E7500FBE4BC /* CalculatorBrain.h */,
				5E69DD3A15684E7500FBE4BC /* CalculatorBrain.m */,
				5E69DD311568416D00FBE4BC /* CalculatorViewController.h */,
				5E69DD321568416D00FBE4BC /* CalculatorViewController.m */,
				5E69DD231568416D00FBE4BC /* Supporting Files */,
			);
			path = Calculator;
			sourceTree = "<group>";
		};
		5E69DD231568416D00FBE4BC /* Supporting Files */ = {
			isa = PBXGroup;
			children = (
				5E69DD241568416D00FBE4BC /* Calculator-Info.plist */,
				5E69DD251568416D00FBE4BC /* InfoPlist.strings */,
				5E69DD281568416D00FBE4BC /* main.m */,
				5E69DD2A1568416D00FBE4BC /* Calculator-Prefix.pch */,
			);
			name = "Supporting Files";
			sourceTree = "<group>";
		};
/* End PBXGroup section */

/* Begin PBXNativeTarget section */
		5E69DD171568416D00FBE4BC /* Calculator */ = {
			isa = PBXNativeTarget;
			buildConfigurationList = 5E69DD361568416D00FBE4BC /* Build configuration list for PBXNativeTarget "Calculator" */;
			buildPhases = (
				5E69DD141568416D00FBE4BC /* Sources */,
				5E69DD151568416D00FBE4BC /* Frameworks */,
				5E69DD161568416D00FBE4BC /* Resources */,
			);
			buildRules = (
			);
			dependencies = (
			);
			name = Calculator;
			productName = Calculator;
			productReference = 5E69DD181568416D00FBE4BC /* Calculator.app */;
			productType = "com.apple.product-type.application";
		};
/* End PBXNativeTarget section */

/* Begin PBXProject section */
		5E69DD0F1568416D00FBE4BC /* Project object */ = {
			isa = PBXProject;
			attributes = {
				CLASSPREFIX = Calculator;
				LastUpgradeCheck = 0430;
			};
			buildConfigurationList = 5E69DD121568416D00FBE4BC /* Build configuration list for PBXProject "Calculator" */;
			compatibilityVersion = "Xcode 3.2";
			developmentRegion = English;
			hasScannedForEncodings = 0;
			knownRegions = (
				en,
			);
			mainGroup = 5E69DD0D1568416D00FBE4BC;
			productRefGroup = 5E69DD191568416D00FBE4BC /* Products */;
			projectDirPath = "";
			projectRoot = "";
			targets = (
				5E69DD171568416D00FBE4BC /* Calculator */,
			);
		};
/* End PBXProject section */

/* Begin PBXResourcesBuildPhase section */
		5E69DD161568416D00FBE4BC /* Resources */ = {
			isa = PBXResourcesBuildPhase;
			buildActionMask = 2147483647;
			files = (
				5E69DD271568416D00FBE4BC /* InfoPlist.strings in Resources */,
				5E69DD301568416D00FBE4BC /* MainStoryboard.storyboard in Resources */,
			);
			runOnlyForDeploymentPostprocessing = 0;
		};
/* End PBXResourcesBuildPhase section */

/* Begin PBXSourcesBuildPhase section */
		5E69DD141568416D00FBE4BC /* Sources */ = {
			isa = PBXSourcesBuildPhase;
			buildActionMask = 2147483647;
			files = (
				5E69DD291568416D00FBE4BC /* main.m in Sources */,
				5E69DD2D1568416D00FBE4BC /* CalculatorAppDelegate.m in Sources */,
				5E69DD331568416D00FBE4BC /* CalculatorViewController.m in Sources */,
				5E69DD3B15684E7500FBE4BC /* CalculatorBrain.m in Sources */,
			);
			runOnlyForDeploymentPostprocessing = 0;
		};
/* End PBXSourcesBuildPhase section */

/* Begin PBXVariantGroup section */
		5E69DD251568416D00FBE4BC /* InfoPlist.strings */ = {
			isa = PBXVariantGroup;
			children = (
				5E69DD261568416D00FBE4BC /* en */,
			);
			name = InfoPlist.strings;
			sourceTree = "<group>";
		};
		5E69DD2E1568416D00FBE4BC /* MainStoryboard.storyboard */ = {
			isa = PBXVariantGroup;
			children = (
				5E69DD2F1568416D00FBE4BC /* en */,
			);
			name = MainStoryboard.storyboard;
			sourceTree = "<group>";
		};
/* End PBXVariantGroup section */

/* Begin XCBuildConfiguration section */
		5E69DD341568416D00FBE4BC /* Debug */ = {
			isa = XCBuildConfiguration;
			buildSettings = {
				ALWAYS_SEARCH_USER_PATHS = NO;
				ARCHS = "$(ARCHS_STANDARD_32_BIT)";
				CLANG_ENABLE_OBJC_ARC = YES;
				"CODE_SIGN_IDENTITY[sdk=iphoneos*]" = "iPhone Developer";
				COPY_PHASE_STRIP = NO;
				GCC_C_LANGUAGE_STANDARD = gnu99;
				GCC_DYNAMIC_NO_PIC = NO;
				GCC_OPTIMIZATION_LEVEL = 0;
				GCC_PREPROCESSOR_DEFINITIONS = (
					"DEBUG=1",
					"$(inherited)",
				);
				GCC_SYMBOLS_PRIVATE_EXTERN = NO;
				GCC_VERSION = com.apple.compilers.llvm.clang.1_0;
				GCC_WARN_ABOUT_RETURN_TYPE = YES;
				GCC_WARN_UNINITIALIZED_AUTOS = YES;
				GCC_WARN_UNUSED_VARIABLE = YES;
				IPHONEOS_DEPLOYMENT_TARGET = 5.1;
				SDKROOT = iphoneos;
			};
			name = Debug;
		};
		5E69DD351568416D00FBE4BC /* Release */ = {
			isa = XCBuildConfiguration;
			buildSettings = {
				ALWAYS_SEARCH_USER_PATHS = NO;
				ARCHS = "$(ARCHS_STANDARD_32_BIT)";
				CLANG_ENABLE_OBJC_ARC = YES;
				"CODE_SIGN_IDENTITY[sdk=iphoneos*]" = "iPhone Developer";
				COPY_PHASE_STRIP = YES;
				GCC_C_LANGUAGE_STANDARD = gnu99;
				GCC_VERSION = com.apple.compilers.llvm.clang.1_0;
				GCC_WARN_ABOUT_RETURN_TYPE = YES;
				GCC_WARN_UNINITIALIZED_AUTOS = YES;
				GCC_WARN_UNUSED_VARIABLE = YES;
				IPHONEOS_DEPLOYMENT_TARGET = 5.1;
				OTHER_CFLAGS = "-DNS_BLOCK_ASSERTIONS=1";
				SDKROOT = iphoneos;
				VALIDATE_PRODUCT = YES;
			};
			name = Release;
		};
		5E69DD371568416D00FBE4BC /* Debug */ = {
			isa = XCBuildConfiguration;
			buildSettings = {
				GCC_PRECOMPILE_PREFIX_HEADER = YES;
				GCC_PREFIX_HEADER = "Calculator/Calculator-Prefix.pch";
				INFOPLIST_FILE = "Calculator/Calculator-Info.plist";
				PRODUCT_NAME = "$(TARGET_NAME)";
				WRAPPER_EXTENSION = app;
			};
			name = Debug;
		};
		5E69DD381568416D00FBE4BC /* Release */ = {
			isa = XCBuildConfiguration;
			buildSettings = {
				GCC_PRECOMPILE_PREFIX_HEADER = YES;
				GCC_PREFIX_HEADER = "Calculator/Calculator-Prefix.pch";
				INFOPLIST_FILE = "Calculator/Calculator-Info.plist";
				PRODUCT_NAME = "$(TARGET_NAME)";
				WRAPPER_EXTENSION = app;
			};
			name = Release;
		};
/* End XCBuildConfiguration section */

/* Begin XCConfigurationList section */
		5E69DD121568416D00FBE4BC /* Build configuration list for PBXProject "Calculator" */ = {
			isa = XCConfigurationList;
			buildConfigurations = (
				5E69DD341568416D00FBE4BC /* Debug */,
				5E69DD351568416D00FBE4BC /* Release */,
			);
			defaultConfigurationIsVisible = 0;
			defaultConfigurationName = Release;
		};
		5E69DD361568416D00FBE4BC /* Build configuration list for PBXNativeTarget "Calculator" */ = {
			isa = XCConfigurationList;
			buildConfigurations = (
				5E69DD371568416D00FBE4BC /* Debug */,
				5E69DD381568416D00FBE4BC /* Release */,
			);
			defaultConfigurationIsVisible = 0;
		};
/* End XCConfigurationList section */
	};
	rootObject = 5E69DD0F1568416D00FBE4BC /* Project object */;
}
